github.com/crdx/assert v1.0.0 h1:O+8e8T+WsCkoTcc1sivXviM9FdTV2LEsbtC4pcPRqaY=
github.com/crdx/assert v1.0.0/go.mod h1:qKc8WkXakTUKVZfFhDgX+GZv5BO9W6lj8ad4kCrtpiI=
github.com/crdx/col v1.0.1 h1:Uh+56igxG/8lXQviUUUJlSL5fT9lkn9YO7LM64aMjFY=
github.com/crdx/col v1.0.1/go.mod h1:q2Kvusjr2VE9XdMKNAbI26QFP2Hx7UH8TsCr8NQ4uB4=
github.com/crdx/duckopt v1.0.0 h1:V5YJgcI+gN58oPYgnu1Ea+vMXcZqmof42PDUls4vxxc=
github.com/crdx/duckopt v1.0.0/go.mod h1:2T25QMR2uCgoIBzirk3o9ehsdZcqzORINj/ZxiHOR6Q=
github.com/crdx/hereduck v1.0.0 h1:MSkh+lHsWICA4sidpGsCRb5wBXPbt8lJFcBsP59AtWg=
github.com/crdx/hereduck v1.0.0/go.mod h1:Qvn2wBjo7qV4tqQU6ga+ZPc9LbixW5EM7DQ/xKTiEhY=
github.com/docopt/docopt-go v0.0.0-20180111231733-ee0de3bc6815 h1:bWDMxwH3px2JBh6AyO7hdCn/PkvCZXii8TGj7sbtEbQ=
github.com/docopt/docopt-go v0.0.0-20180111231733-ee0de3bc6815/go.mod h1:WwZ+bS3ebgob9U8Nd0kOddGdZWjyMGR8Wziv+TBNwSE=
