crdx.org/assert v1.0.2 h1:8xfKFiGh5jAykD2ZHa34xtS5vA4WK3WZiikZHURS2OY=
crdx.org/assert v1.0.2/go.mod h1:2l2arhfoQXp28IfNabHlaaKBt3FOl5toxHYZFzh//ZM=
crdx.org/col v1.0.2 h1:++jouuBa5+E1MlcF3shoHCuW0cIYlJDYrx3ZBiS36fo=
crdx.org/col v1.0.2/go.mod h1:ugpK+uDgbCO4mGaYTiLNugu8rUYf6bNVfufGStg3iAA=
crdx.org/duckopt v1.0.2 h1:x+3Ow+GMyQNoXPsU+VrCpMS2Gl8//I9yXpLAJbuwdNM=
crdx.org/duckopt v1.0.2/go.mod h1:QjVL/4h+RwOIXBh0Vr1HQVOA19fyng6WpoGIa+nWvmE=
crdx.org/hereduck v1.0.2 h1:pauDrQW9yl/88FBbso8BcRMqUg2kIYiN5zDQnLVY8YE=
crdx.org/hereduck v1.0.2/go.mod h1:2fivrgLUDy5jWuSEkFJGtYOKp9GYlmayDfyHYS1pPSI=
github.com/docopt/docopt-go v0.0.0-20180111231733-ee0de3bc6815 h1:bWDMxwH3px2JBh6AyO7hdCn/PkvCZXii8TGj7sbtEbQ=
github.com/docopt/docopt-go v0.0.0-20180111231733-ee0de3bc6815/go.mod h1:WwZ+bS3ebgob9U8Nd0kOddGdZWjyMGR8Wziv+TBNwSE=
